<?xml version="1.0" encoding="utf-8"?>
<Project ToolsVersion="4.0" xmlns="http://schemas.microsoft.com/developer/msbuild/2003">
  <ItemGroup>
    <Filter Include="Source Files">
      <UniqueIdentifier>{4FC737F1-C7A5-4376-A066-2A32D752A2FF}</UniqueIdentifier>
      <Extensions>cpp;c;cc;cxx;def;odl;idl;hpj;bat;asm;asmx</Extensions>
    </Filter>
    <Filter Include="Source Files\new operator">
      <UniqueIdentifier>{a7f11714-0dbe-4872-b095-34587c247251}</UniqueIdentifier>
    </Filter>
    <Filter Include="Source Files\Techniques">
      <UniqueIdentifier>{8c7a5bbb-9635-47a3-9f46-4b2d21b00012}</UniqueIdentifier>
    </Filter>
    <Filter Include="Source Files\Design">
      <UniqueIdentifier>{16d5addb-6c00-408a-a90a-cb743511e32f}</UniqueIdentifier>
    </Filter>
    <Filter Include="Source Files\Issues">
      <UniqueIdentifier>{c89e63ce-e453-4b99-b688-078ab733c961}</UniqueIdentifier>
    </Filter>
    <Filter Include="Source Files\Basic">
      <UniqueIdentifier>{65e3cad0-843a-4186-a50b-c50171a122f4}</UniqueIdentifier>
    </Filter>
    <Filter Include="Header Files">
      <UniqueIdentifier>{93995380-89BD-4b04-88EB-625FBE52EBFB}</UniqueIdentifier>
      <Extensions>h;hpp;hxx;hm;inl;inc;xsd</Extensions>
    </Filter>
    <Filter Include="Resource Files">
      <UniqueIdentifier>{67DA6AB6-F800-4c08-8B7A-83BB121AAD01}</UniqueIdentifier>
      <Extensions>rc;ico;cur;bmp;dlg;rc2;rct;bin;rgs;gif;jpg;jpeg;jpe;resx;tiff;tif;png;wav</Extensions>
    </Filter>
  </ItemGroup>
  <ItemGroup>
    <ClCompile Include="E06.cpp">
      <Filter>Source Files\new operator</Filter>
    </ClCompile>
    <ClCompile Include="E07.cpp">
      <Filter>Source Files\new operator</Filter>
    </ClCompile>
    <ClCompile Include="E08.cpp">
      <Filter>Source Files\new operator</Filter>
    </ClCompile>
    <ClCompile Include="E09.cpp">
      <Filter>Source Files\new operator</Filter>
    </ClCompile>
    <ClCompile Include="E10.cpp">
      <Filter>Source Files\new operator</Filter>
    </ClCompile>
    <ClCompile Include="E11.cpp">
      <Filter>Source Files\new operator</Filter>
    </ClCompile>
    <ClCompile Include="E12.cpp">
      <Filter>Source Files\new operator</Filter>
    </ClCompile>
    <ClCompile Include="E13.cpp">
      <Filter>Source Files\new operator</Filter>
    </ClCompile>
    <ClCompile Include="E14.cpp">
      <Filter>Source Files\new operator</Filter>
    </ClCompile>
    <ClCompile Include="E15.cpp">
      <Filter>Source Files\new operator</Filter>
    </ClCompile>
    <ClCompile Include="E16.cpp">
      <Filter>Source Files\Techniques</Filter>
    </ClCompile>
    <ClCompile Include="E17.cpp">
      <Filter>Source Files\Techniques</Filter>
    </ClCompile>
    <ClCompile Include="E18.cpp">
      <Filter>Source Files\Techniques</Filter>
    </ClCompile>
    <ClCompile Include="E19.cpp">
      <Filter>Source Files\Techniques</Filter>
    </ClCompile>
    <ClCompile Include="E20.cpp">
      <Filter>Source Files\Techniques</Filter>
    </ClCompile>
    <ClCompile Include="E21.cpp">
      <Filter>Source Files\Techniques</Filter>
    </ClCompile>
    <ClCompile Include="E22.cpp">
      <Filter>Source Files\Techniques</Filter>
    </ClCompile>
    <ClCompile Include="E23.cpp">
      <Filter>Source Files\Techniques</Filter>
    </ClCompile>
    <ClCompile Include="E24.cpp">
      <Filter>Source Files\Techniques</Filter>
    </ClCompile>
    <ClCompile Include="E25.cpp">
      <Filter>Source Files\Techniques</Filter>
    </ClCompile>
    <ClCompile Include="E26.cpp">
      <Filter>Source Files\Techniques</Filter>
    </ClCompile>
    <ClCompile Include="E27.cpp">
      <Filter>Source Files\Techniques</Filter>
    </ClCompile>
    <ClCompile Include="E28.cpp">
      <Filter>Source Files\Techniques</Filter>
    </ClCompile>
    <ClCompile Include="E29.cpp">
      <Filter>Source Files\Techniques</Filter>
    </ClCompile>
    <ClCompile Include="E34.cpp">
      <Filter>Source Files\Design</Filter>
    </ClCompile>
    <ClCompile Include="E35.cpp">
      <Filter>Source Files\Design</Filter>
    </ClCompile>
    <ClCompile Include="E36.cpp">
      <Filter>Source Files\Design</Filter>
    </ClCompile>
    <ClCompile Include="E37.cpp">
      <Filter>Source Files\Design</Filter>
    </ClCompile>
    <ClCompile Include="E38.cpp">
      <Filter>Source Files\Design</Filter>
    </ClCompile>
    <ClCompile Include="E39.cpp">
      <Filter>Source Files\Design</Filter>
    </ClCompile>
    <ClCompile Include="E40.cpp">
      <Filter>Source Files\Design</Filter>
    </ClCompile>
    <ClCompile Include="E41.cpp">
      <Filter>Source Files\Design</Filter>
    </ClCompile>
    <ClCompile Include="E42.cpp">
      <Filter>Source Files\Design</Filter>
    </ClCompile>
    <ClCompile Include="E43.cpp">
      <Filter>Source Files\Design</Filter>
    </ClCompile>
    <ClCompile Include="E44.cpp">
      <Filter>Source Files\Design</Filter>
    </ClCompile>
    <ClCompile Include="E45.cpp">
      <Filter>Source Files\Design</Filter>
    </ClCompile>
    <ClCompile Include="E46.cpp">
      <Filter>Source Files\Design</Filter>
    </ClCompile>
    <ClCompile Include="E47.cpp">
      <Filter>Source Files\Design</Filter>
    </ClCompile>
    <ClCompile Include="E48.cpp">
      <Filter>Source Files\Design</Filter>
    </ClCompile>
    <ClCompile Include="E49.cpp">
      <Filter>Source Files\Design</Filter>
    </ClCompile>
    <ClCompile Include="E30.cpp">
      <Filter>Source Files\Issues</Filter>
    </ClCompile>
    <ClCompile Include="E31.cpp">
      <Filter>Source Files\Issues</Filter>
    </ClCompile>
    <ClCompile Include="E32.cpp">
      <Filter>Source Files\Issues</Filter>
    </ClCompile>
    <ClCompile Include="E33.cpp">
      <Filter>Source Files\Issues</Filter>
    </ClCompile>
    <ClCompile Include="E01.cpp">
      <Filter>Source Files\Basic</Filter>
    </ClCompile>
    <ClCompile Include="E02.cpp">
      <Filter>Source Files\Basic</Filter>
    </ClCompile>
    <ClCompile Include="E02A.cpp">
      <Filter>Source Files\Basic</Filter>
    </ClCompile>
    <ClCompile Include="E03.cpp">
      <Filter>Source Files\Basic</Filter>
    </ClCompile>
    <ClCompile Include="E04.cpp">
      <Filter>Source Files\Basic</Filter>
    </ClCompile>
    <ClCompile Include="E05.cpp">
      <Filter>Source Files\Basic</Filter>
    </ClCompile>
  </ItemGroup>
</Project>